
Microsoft Visual Studio Solution File, Format Version 12.00
# Visual Studio 15
VisualStudioVersion = 15.0.28010.2050
MinimumVisualStudioVersion = 10.0.40219.1
Project("{FAE04EC0-301F-11D3-BF4B-00C04F79EFBC}") = "NotepadOnlineDesktop", "NotepadOnlineDesktop\NotepadOnlineDesktop.csproj", "{FD11B11F-B95C-4439-8156-6B76877B2D77}"
EndProject
Project("{FAE04EC0-301F-11D3-BF4B-00C04F79EFBC}") = "NotepadOnlineDesktopExtensions", "NotepadOnlineDesktopExtensions\NotepadOnlineDesktopExtensions.csproj", "{22C46A69-7ABF-4D63-88B1-10EE0029EDDA}"
EndProject
Project("{FAE04EC0-301F-11D3-BF4B-00C04F79EFBC}") = "CloudExtension", "CloudExtension\CloudExtension.csproj", "{24ED3714-0BFE-4A7F-A247-3009CF2FEF06}"
EndProject
Project("{FAE04EC0-301F-11D3-BF4B-00C04F79EFBC}") = "SnippetsExtension", "SnippetsExtension\SnippetsExtension.csproj", "{ADC8FD21-97AA-4D59-8267-34E9978FC1F5}"
EndProject
Global
	GlobalSection(SolutionConfigurationPlatforms) = preSolution
		Debug|Any CPU = Debug|Any CPU
		Release|Any CPU = Release|Any CPU
	EndGlobalSection
	GlobalSection(ProjectConfigurationPlatforms) = postSolution
		{FD11B11F-B95C-4439-8156-6B76877B2D77}.Debug|Any CPU.ActiveCfg = Debug|Any CPU
		{FD11B11F-B95C-4439-8156-6B76877B2D77}.Debug|Any CPU.Build.0 = Debug|Any CPU
		{FD11B11F-B95C-4439-8156-6B76877B2D77}.Release|Any CPU.ActiveCfg = Release|Any CPU
		{FD11B11F-B95C-4439-8156-6B76877B2D77}.Release|Any CPU.Build.0 = Release|Any CPU
		{22C46A69-7ABF-4D63-88B1-10EE0029EDDA}.Debug|Any CPU.ActiveCfg = Debug|Any CPU
		{22C46A69-7ABF-4D63-88B1-10EE0029EDDA}.Debug|Any CPU.Build.0 = Debug|Any CPU
		{22C46A69-7ABF-4D63-88B1-10EE0029EDDA}.Release|Any CPU.ActiveCfg = Release|Any CPU
		{22C46A69-7ABF-4D63-88B1-10EE0029EDDA}.Release|Any CPU.Build.0 = Release|Any CPU
		{24ED3714-0BFE-4A7F-A247-3009CF2FEF06}.Debug|Any CPU.ActiveCfg = Debug|Any CPU
		{24ED3714-0BFE-4A7F-A247-3009CF2FEF06}.Debug|Any CPU.Build.0 = Debug|Any CPU
		{24ED3714-0BFE-4A7F-A247-3009CF2FEF06}.Release|Any CPU.ActiveCfg = Release|Any CPU
		{24ED3714-0BFE-4A7F-A247-3009CF2FEF06}.Release|Any CPU.Build.0 = Release|Any CPU
		{ADC8FD21-97AA-4D59-8267-34E9978FC1F5}.Debug|Any CPU.ActiveCfg = Debug|Any CPU
		{ADC8FD21-97AA-4D59-8267-34E9978FC1F5}.Debug|Any CPU.Build.0 = Debug|Any CPU
		{ADC8FD21-97AA-4D59-8267-34E9978FC1F5}.Release|Any CPU.ActiveCfg = Release|Any CPU
		{ADC8FD21-97AA-4D59-8267-34E9978FC1F5}.Release|Any CPU.Build.0 = Release|Any CPU
	EndGlobalSection
	GlobalSection(SolutionProperties) = preSolution
		HideSolutionNode = FALSE
	EndGlobalSection
	GlobalSection(ExtensibilityGlobals) = postSolution
		SolutionGuid = {8F305390-019E-4738-8185-25F1BCF0989C}
	EndGlobalSection
EndGlobal
